
Microsoft Visual Studio Solution File, Format Version 12.00
# Visual Studio 15
VisualStudioVersion = 15.0.28307.902
MinimumVisualStudioVersion = 10.0.40219.1
Project("{2150E333-8FDC-42A3-9474-1A3956D46DE8}") = "Data", "Data", "{E0596B5A-C543-4187-BCB3-B09BAF4AF305}"
EndProject
Project("{2150E333-8FDC-42A3-9474-1A3956D46DE8}") = "Services", "Services", "{26E20976-F9CB-4D1E-A890-029818F5CF24}"
EndProject
Project("{2150E333-8FDC-42A3-9474-1A3956D46DE8}") = "Web", "Web", "{5932E642-C616-47AE-BC3F-713040AB1048}"
EndProject
Project("{9A19103F-16F7-4668-BE54-9A1E7A4F7556}") = "BlinBerry", "Web\BlinBerry\BlinBerry.csproj", "{C2B18D7F-B399-4FC8-A02C-9DF1AF476086}"
EndProject
Project("{9A19103F-16F7-4668-BE54-9A1E7A4F7556}") = "BlinBerry.Data", "Data\BlinBerry.Data\BlinBerry.Data.csproj", "{8F2C5E3F-EC81-4250-A263-CDA3074F89B8}"
EndProject
Project("{9A19103F-16F7-4668-BE54-9A1E7A4F7556}") = "BlinBerry.Data.Models", "Data\BlinBerry.Data.Models\BlinBerry.Data.Models.csproj", "{321E3783-7740-4A90-A493-2C7C26D9EAAC}"
EndProject
Project("{9A19103F-16F7-4668-BE54-9A1E7A4F7556}") = "BlinBerry.Data.Common", "Data\BlinBerry.Data.Common\BlinBerry.Data.Common.csproj", "{E2CF09BE-AD57-4942-BF43-4C6B727A26A7}"
EndProject
Project("{9A19103F-16F7-4668-BE54-9A1E7A4F7556}") = "BlinBerry.Service", "Services\BlinBerry.Service\BlinBerry.Service.csproj", "{4ECEA3E1-9B15-466D-A891-1F02FB451892}"
EndProject
Project("{FAE04EC0-301F-11D3-BF4B-00C04F79EFBC}") = "GlobalContants", "GlobalContants\GlobalContants.csproj", "{BF759298-6A34-4652-AC8D-5E00C7325128}"
EndProject
Project("{FAE04EC0-301F-11D3-BF4B-00C04F79EFBC}") = "BlinBerry.Services.Common", "Services\BlinBerry.Services.Common\BlinBerry.Services.Common.csproj", "{286FAF38-9E3F-4A75-B92A-7F837A0A2D7C}"
EndProject
Global
	GlobalSection(SolutionConfigurationPlatforms) = preSolution
		Debug|Any CPU = Debug|Any CPU
		Release|Any CPU = Release|Any CPU
	EndGlobalSection
	GlobalSection(ProjectConfigurationPlatforms) = postSolution
		{C2B18D7F-B399-4FC8-A02C-9DF1AF476086}.Debug|Any CPU.ActiveCfg = Debug|Any CPU
		{C2B18D7F-B399-4FC8-A02C-9DF1AF476086}.Debug|Any CPU.Build.0 = Debug|Any CPU
		{C2B18D7F-B399-4FC8-A02C-9DF1AF476086}.Release|Any CPU.ActiveCfg = Release|Any CPU
		{C2B18D7F-B399-4FC8-A02C-9DF1AF476086}.Release|Any CPU.Build.0 = Release|Any CPU
		{8F2C5E3F-EC81-4250-A263-CDA3074F89B8}.Debug|Any CPU.ActiveCfg = Debug|Any CPU
		{8F2C5E3F-EC81-4250-A263-CDA3074F89B8}.Debug|Any CPU.Build.0 = Debug|Any CPU
		{8F2C5E3F-EC81-4250-A263-CDA3074F89B8}.Release|Any CPU.ActiveCfg = Release|Any CPU
		{8F2C5E3F-EC81-4250-A263-CDA3074F89B8}.Release|Any CPU.Build.0 = Release|Any CPU
		{321E3783-7740-4A90-A493-2C7C26D9EAAC}.Debug|Any CPU.ActiveCfg = Debug|Any CPU
		{321E3783-7740-4A90-A493-2C7C26D9EAAC}.Debug|Any CPU.Build.0 = Debug|Any CPU
		{321E3783-7740-4A90-A493-2C7C26D9EAAC}.Release|Any CPU.ActiveCfg = Release|Any CPU
		{321E3783-7740-4A90-A493-2C7C26D9EAAC}.Release|Any CPU.Build.0 = Release|Any CPU
		{E2CF09BE-AD57-4942-BF43-4C6B727A26A7}.Debug|Any CPU.ActiveCfg = Debug|Any CPU
		{E2CF09BE-AD57-4942-BF43-4C6B727A26A7}.Debug|Any CPU.Build.0 = Debug|Any CPU
		{E2CF09BE-AD57-4942-BF43-4C6B727A26A7}.Release|Any CPU.ActiveCfg = Release|Any CPU
		{E2CF09BE-AD57-4942-BF43-4C6B727A26A7}.Release|Any CPU.Build.0 = Release|Any CPU
		{4ECEA3E1-9B15-466D-A891-1F02FB451892}.Debug|Any CPU.ActiveCfg = Debug|Any CPU
		{4ECEA3E1-9B15-466D-A891-1F02FB451892}.Debug|Any CPU.Build.0 = Debug|Any CPU
		{4ECEA3E1-9B15-466D-A891-1F02FB451892}.Release|Any CPU.ActiveCfg = Release|Any CPU
		{4ECEA3E1-9B15-466D-A891-1F02FB451892}.Release|Any CPU.Build.0 = Release|Any CPU
		{BF759298-6A34-4652-AC8D-5E00C7325128}.Debug|Any CPU.ActiveCfg = Debug|Any CPU
		{BF759298-6A34-4652-AC8D-5E00C7325128}.Debug|Any CPU.Build.0 = Debug|Any CPU
		{BF759298-6A34-4652-AC8D-5E00C7325128}.Release|Any CPU.ActiveCfg = Release|Any CPU
		{BF759298-6A34-4652-AC8D-5E00C7325128}.Release|Any CPU.Build.0 = Release|Any CPU
		{286FAF38-9E3F-4A75-B92A-7F837A0A2D7C}.Debug|Any CPU.ActiveCfg = Debug|Any CPU
		{286FAF38-9E3F-4A75-B92A-7F837A0A2D7C}.Debug|Any CPU.Build.0 = Debug|Any CPU
		{286FAF38-9E3F-4A75-B92A-7F837A0A2D7C}.Release|Any CPU.ActiveCfg = Release|Any CPU
		{286FAF38-9E3F-4A75-B92A-7F837A0A2D7C}.Release|Any CPU.Build.0 = Release|Any CPU
	EndGlobalSection
	GlobalSection(SolutionProperties) = preSolution
		HideSolutionNode = FALSE
	EndGlobalSection
	GlobalSection(NestedProjects) = preSolution
		{C2B18D7F-B399-4FC8-A02C-9DF1AF476086} = {5932E642-C616-47AE-BC3F-713040AB1048}
		{8F2C5E3F-EC81-4250-A263-CDA3074F89B8} = {E0596B5A-C543-4187-BCB3-B09BAF4AF305}
		{321E3783-7740-4A90-A493-2C7C26D9EAAC} = {E0596B5A-C543-4187-BCB3-B09BAF4AF305}
		{E2CF09BE-AD57-4942-BF43-4C6B727A26A7} = {E0596B5A-C543-4187-BCB3-B09BAF4AF305}
		{4ECEA3E1-9B15-466D-A891-1F02FB451892} = {26E20976-F9CB-4D1E-A890-029818F5CF24}
		{286FAF38-9E3F-4A75-B92A-7F837A0A2D7C} = {26E20976-F9CB-4D1E-A890-029818F5CF24}
	EndGlobalSection
	GlobalSection(ExtensibilityGlobals) = postSolution
		SolutionGuid = {69F7C077-1EF9-4890-8381-B1B61E86560C}
	EndGlobalSection
EndGlobal
